
Microsoft Visual Studio Solution File, Format Version 12.00
# Visual Studio Version 16
VisualStudioVersion = 16.0.30413.136
MinimumVisualStudioVersion = 10.0.40219.1
Project("{FAE04EC0-301F-11D3-BF4B-00C04F79EFBC}") = "AgileTracker.StatisticsService.Domain", "AgileTracker.StatisticsService.Domain\AgileTracker.StatisticsService.Domain.csproj", "{EBC1BCCD-B45E-40A9-97EF-46520A800D6E}"
EndProject
Global
	GlobalSection(SolutionConfigurationPlatforms) = preSolution
		Debug|Any CPU = Debug|Any CPU
		Release|Any CPU = Release|Any CPU
	EndGlobalSection
	GlobalSection(ProjectConfigurationPlatforms) = postSolution
		{EBC1BCCD-B45E-40A9-97EF-46520A800D6E}.Debug|Any CPU.ActiveCfg = Debug|Any CPU
		{EBC1BCCD-B45E-40A9-97EF-46520A800D6E}.Debug|Any CPU.Build.0 = Debug|Any CPU
		{EBC1BCCD-B45E-40A9-97EF-46520A800D6E}.Release|Any CPU.ActiveCfg = Release|Any CPU
		{EBC1BCCD-B45E-40A9-97EF-46520A800D6E}.Release|Any CPU.Build.0 = Release|Any CPU
	EndGlobalSection
	GlobalSection(SolutionProperties) = preSolution
		HideSolutionNode = FALSE
	EndGlobalSection
	GlobalSection(ExtensibilityGlobals) = postSolution
		SolutionGuid = {23AE5758-5EBF-4B8E-9A8E-DF74A52F509F}
	EndGlobalSection
EndGlobal
