
Microsoft Visual Studio Solution File, Format Version 12.00
# Visual Studio Version 16
VisualStudioVersion = 16.0.30413.136
MinimumVisualStudioVersion = 10.0.40219.1
Project("{FAE04EC0-301F-11D3-BF4B-00C04F79EFBC}") = "AgileTracker.Gateway.Startup", "AgileTracker.Gateway.Startup\AgileTracker.Gateway.Startup.csproj", "{7FB464B2-115C-49AD-89C0-98180BE7E612}"
EndProject
Global
	GlobalSection(SolutionConfigurationPlatforms) = preSolution
		Debug|Any CPU = Debug|Any CPU
		Release|Any CPU = Release|Any CPU
	EndGlobalSection
	GlobalSection(ProjectConfigurationPlatforms) = postSolution
		{7FB464B2-115C-49AD-89C0-98180BE7E612}.Debug|Any CPU.ActiveCfg = Debug|Any CPU
		{7FB464B2-115C-49AD-89C0-98180BE7E612}.Debug|Any CPU.Build.0 = Debug|Any CPU
		{7FB464B2-115C-49AD-89C0-98180BE7E612}.Release|Any CPU.ActiveCfg = Release|Any CPU
		{7FB464B2-115C-49AD-89C0-98180BE7E612}.Release|Any CPU.Build.0 = Release|Any CPU
	EndGlobalSection
	GlobalSection(SolutionProperties) = preSolution
		HideSolutionNode = FALSE
	EndGlobalSection
	GlobalSection(ExtensibilityGlobals) = postSolution
		SolutionGuid = {14151013-958C-4E29-BBB4-35EA0EFFA66A}
	EndGlobalSection
EndGlobal
